
Microsoft Visual Studio Solution File, Format Version 12.00
# Visual Studio 15
VisualStudioVersion = 15.0.27428.2015
MinimumVisualStudioVersion = 10.0.40219.1
Project("{FAE04EC0-301F-11D3-BF4B-00C04F79EFBC}") = "WindowsFormsApp1", "WindowsFormsApp1\WindowsFormsApp1.csproj", "{8905A2A8-FEDB-4C17-BE40-1835C44ED07A}"
EndProject
Project("{54435603-DBB4-11D2-8724-00A0C9A8B90C}") = "dht11", "dht11\dht11.vdproj", "{09297F1B-B7A1-4F73-BD31-170C8EB66D03}"
EndProject
Global
	GlobalSection(SolutionConfigurationPlatforms) = preSolution
		Debug|Any CPU = Debug|Any CPU
		Debug|x64 = Debug|x64
		Release|Any CPU = Release|Any CPU
		Release|x64 = Release|x64
	EndGlobalSection
	GlobalSection(ProjectConfigurationPlatforms) = postSolution
		{8905A2A8-FEDB-4C17-BE40-1835C44ED07A}.Debug|Any CPU.ActiveCfg = Debug|Any CPU
		{8905A2A8-FEDB-4C17-BE40-1835C44ED07A}.Debug|Any CPU.Build.0 = Debug|Any CPU
		{8905A2A8-FEDB-4C17-BE40-1835C44ED07A}.Debug|x64.ActiveCfg = Debug|x64
		{8905A2A8-FEDB-4C17-BE40-1835C44ED07A}.Debug|x64.Build.0 = Debug|x64
		{8905A2A8-FEDB-4C17-BE40-1835C44ED07A}.Release|Any CPU.ActiveCfg = Release|Any CPU
		{8905A2A8-FEDB-4C17-BE40-1835C44ED07A}.Release|Any CPU.Build.0 = Release|Any CPU
		{8905A2A8-FEDB-4C17-BE40-1835C44ED07A}.Release|x64.ActiveCfg = Release|x64
		{8905A2A8-FEDB-4C17-BE40-1835C44ED07A}.Release|x64.Build.0 = Release|x64
		{09297F1B-B7A1-4F73-BD31-170C8EB66D03}.Debug|Any CPU.ActiveCfg = Debug
		{09297F1B-B7A1-4F73-BD31-170C8EB66D03}.Debug|x64.ActiveCfg = Debug
		{09297F1B-B7A1-4F73-BD31-170C8EB66D03}.Release|Any CPU.ActiveCfg = Release
		{09297F1B-B7A1-4F73-BD31-170C8EB66D03}.Release|x64.ActiveCfg = Release
	EndGlobalSection
	GlobalSection(SolutionProperties) = preSolution
		HideSolutionNode = FALSE
	EndGlobalSection
	GlobalSection(ExtensibilityGlobals) = postSolution
		SolutionGuid = {66C0F2D3-57CE-4BDE-A8CC-CC6094ED49BA}
	EndGlobalSection
EndGlobal
